
Microsoft Visual Studio Solution File, Format Version 12.00
# Visual Studio Version 17
VisualStudioVersion = 17.4.33213.308
MinimumVisualStudioVersion = 10.0.40219.1
Project("{9A19103F-16F7-4668-BE54-9A1E7A4F7556}") = "StoveTech.Duende.IdentityServer.Contrib.RedisStore", "Duende.IdentityServer.Contrib.RedisStore\StoveTech.Duende.IdentityServer.Contrib.RedisStore.csproj", "{4B8CB07F-1EF1-4D4D-99B3-599DF5921CD3}"
EndProject
Project("{9A19103F-16F7-4668-BE54-9A1E7A4F7556}") = "StoveTech.Duende.IdentityServer.Contrib.RedisStore.Tests", "Duende.IdentityServer.Contrib.RedisStore.Tests\StoveTech.Duende.IdentityServer.Contrib.RedisStore.Tests.csproj", "{40FB0298-7F2B-401A-9050-D045785E1438}"
EndProject
Global
	GlobalSection(SolutionConfigurationPlatforms) = preSolution
		Debug|Any CPU = Debug|Any CPU
		Release|Any CPU = Release|Any CPU
	EndGlobalSection
	GlobalSection(ProjectConfigurationPlatforms) = postSolution
		{4B8CB07F-1EF1-4D4D-99B3-599DF5921CD3}.Debug|Any CPU.ActiveCfg = Release|Any CPU
		{4B8CB07F-1EF1-4D4D-99B3-599DF5921CD3}.Debug|Any CPU.Build.0 = Release|Any CPU
		{4B8CB07F-1EF1-4D4D-99B3-599DF5921CD3}.Release|Any CPU.ActiveCfg = Release|Any CPU
		{4B8CB07F-1EF1-4D4D-99B3-599DF5921CD3}.Release|Any CPU.Build.0 = Release|Any CPU
		{40FB0298-7F2B-401A-9050-D045785E1438}.Debug|Any CPU.ActiveCfg = Debug|Any CPU
		{40FB0298-7F2B-401A-9050-D045785E1438}.Debug|Any CPU.Build.0 = Debug|Any CPU
		{40FB0298-7F2B-401A-9050-D045785E1438}.Release|Any CPU.ActiveCfg = Release|Any CPU
		{40FB0298-7F2B-401A-9050-D045785E1438}.Release|Any CPU.Build.0 = Release|Any CPU
	EndGlobalSection
	GlobalSection(SolutionProperties) = preSolution
		HideSolutionNode = FALSE
	EndGlobalSection
	GlobalSection(ExtensibilityGlobals) = postSolution
		SolutionGuid = {258B4519-0BDA-45DD-8FA5-A46D1BC27A4D}
	EndGlobalSection
EndGlobal
